PODS:
  - Capacitor (6.1.2):
    - CapacitorCordova
  - CapacitorCordova (6.1.2)
  - CapacitorHaptics (6.0.1):
    - Capacitor
  - CapacitorPreferences (6.0.2):
    - Capacitor
  - CapacitorSplashScreen (6.0.2):
    - Capacitor

DEPENDENCIES:
  - "Capacitor (from `../../node_modules/@capacitor/ios`)"
  - "CapacitorCordova (from `../../node_modules/@capacitor/ios`)"
  - "CapacitorHaptics (from `../../node_modules/@capacitor/haptics`)"
  - "CapacitorPreferences (from `../../node_modules/@capacitor/preferences`)"
  - "CapacitorSplashScreen (from `../../node_modules/@capacitor/splash-screen`)"

EXTERNAL SOURCES:
  Capacitor:
    :path: "../../node_modules/@capacitor/ios"
  CapacitorCordova:
    :path: "../../node_modules/@capacitor/ios"
  CapacitorHaptics:
    :path: "../../node_modules/@capacitor/haptics"
  CapacitorPreferences:
    :path: "../../node_modules/@capacitor/preferences"
  CapacitorSplashScreen:
    :path: "../../node_modules/@capacitor/splash-screen"

SPEC CHECKSUMS:
  Capacitor: 679f9673fdf30597493a6362a5d5bf233d46abc2
  CapacitorCordova: f48c89f96c319101cd2f0ce8a2b7449b5fb8b3dd
  CapacitorHaptics: fe689ade56ef20ec9b041a753c6da70c5d8ec9a9
  CapacitorPreferences: e8284bf740cf8c6d3f25409af3c01df87dfeb5a1
  CapacitorSplashScreen: 250df9ef8014fac5c7c1fd231f0f8b1d8f0b5624

PODFILE CHECKSUM: 18cde61a89522803266d4ca0c01ee53d23f6293c

COCOAPODS: 1.15.2
